
Microsoft Visual Studio Solution File, Format Version 12.00
# Visual Studio Version 16
VisualStudioVersion = 16.0.810.14
MinimumVisualStudioVersion = 10.0.40219.1
Project("{FAE04EC0-301F-11D3-BF4B-00C04F79EFBC}") = "tp1", "TP1\tp1.csproj", "{D3E6FD5B-A956-4971-B5D5-FE95E6358E69}"
EndProject
Global
	GlobalSection(SolutionConfigurationPlatforms) = preSolution
		Debug|anycpu = Debug|anycpu
		Release|anycpu = Release|anycpu
	EndGlobalSection
	GlobalSection(ProjectConfigurationPlatforms) = postSolution
		{D3E6FD5B-A956-4971-B5D5-FE95E6358E69}.Debug|anycpu.ActiveCfg = Debug|anycpu
		{D3E6FD5B-A956-4971-B5D5-FE95E6358E69}.Debug|anycpu.Build.0 = Debug|anycpu
		{D3E6FD5B-A956-4971-B5D5-FE95E6358E69}.Release|anycpu.ActiveCfg = Release|anycpu
		{D3E6FD5B-A956-4971-B5D5-FE95E6358E69}.Release|anycpu.Build.0 = Release|anycpu
	EndGlobalSection
	GlobalSection(SolutionProperties) = preSolution
		HideSolutionNode = FALSE
	EndGlobalSection
	GlobalSection(ExtensibilityGlobals) = postSolution
		SolutionGuid = {3A0D9595-59D3-46FC-9CA8-CB854D2F50C0}
	EndGlobalSection
EndGlobal
